
Microsoft Visual Studio Solution File, Format Version 12.00
# Visual Studio Version 17
VisualStudioVersion = 17.13.35931.197 d17.13
MinimumVisualStudioVersion = 10.0.40219.1
Project("{FAE04EC0-301F-11D3-BF4B-00C04F79EFBC}") = "proyectobiblioteca", "proyectobiblioteca\proyectobiblioteca.csproj", "{42367AFA-7644-4D33-B6D5-3F8888FBD879}"
EndProject
Global
	GlobalSection(SolutionConfigurationPlatforms) = preSolution
		Debug|Any CPU = Debug|Any CPU
		Release|Any CPU = Release|Any CPU
	EndGlobalSection
	GlobalSection(ProjectConfigurationPlatforms) = postSolution
		{42367AFA-7644-4D33-B6D5-3F8888FBD879}.Debug|Any CPU.ActiveCfg = Debug|Any CPU
		{42367AFA-7644-4D33-B6D5-3F8888FBD879}.Debug|Any CPU.Build.0 = Debug|Any CPU
		{42367AFA-7644-4D33-B6D5-3F8888FBD879}.Release|Any CPU.ActiveCfg = Release|Any CPU
		{42367AFA-7644-4D33-B6D5-3F8888FBD879}.Release|Any CPU.Build.0 = Release|Any CPU
	EndGlobalSection
	GlobalSection(SolutionProperties) = preSolution
		HideSolutionNode = FALSE
	EndGlobalSection
	GlobalSection(ExtensibilityGlobals) = postSolution
		SolutionGuid = {57325E3D-D648-4F11-AB28-438D49AEDDFA}
	EndGlobalSection
EndGlobal
